
Microsoft Visual Studio Solution File, Format Version 12.00
# Visual Studio Version 17
VisualStudioVersion = 17.4.33205.214
MinimumVisualStudioVersion = 10.0.40219.1
Project("{FAE04EC0-301F-11D3-BF4B-00C04F79EFBC}") = "HRMSem3", "HRMSem3\HRMSem3.csproj", "{2A57E672-B8B1-40BB-B046-82600E16FDD7}"
EndProject
Global
	GlobalSection(SolutionConfigurationPlatforms) = preSolution
		Debug|Any CPU = Debug|Any CPU
		Release|Any CPU = Release|Any CPU
	EndGlobalSection
	GlobalSection(ProjectConfigurationPlatforms) = postSolution
		{2A57E672-B8B1-40BB-B046-82600E16FDD7}.Debug|Any CPU.ActiveCfg = Debug|Any CPU
		{2A57E672-B8B1-40BB-B046-82600E16FDD7}.Debug|Any CPU.Build.0 = Debug|Any CPU
		{2A57E672-B8B1-40BB-B046-82600E16FDD7}.Release|Any CPU.ActiveCfg = Release|Any CPU
		{2A57E672-B8B1-40BB-B046-82600E16FDD7}.Release|Any CPU.Build.0 = Release|Any CPU
	EndGlobalSection
	GlobalSection(SolutionProperties) = preSolution
		HideSolutionNode = FALSE
	EndGlobalSection
	GlobalSection(ExtensibilityGlobals) = postSolution
		SolutionGuid = {B368AE40-E5A5-4321-B180-4E86FA277C98}
	EndGlobalSection
EndGlobal
